// !$*UTF8*$!
{
	archiveVersion = 1;
	classes = {
	};
	objectVersion = 51;
	objects = {

/* Begin PBXBuildFile section */
		62B91B2025AC3D4C00F345DB /* AppDelegate.swift in Sources */ = {isa = PBXBuildFile; fileRef = 62B91B1F25AC3D4C00F345DB /* AppDelegate.swift */; };
		62B91B2225AC3D4C00F345DB /* SceneDelegate.swift in Sources */ = {isa = PBXBuildFile; fileRef = 62B91B2125AC3D4C00F345DB /* SceneDelegate.swift */; };
		62B91B2425AC3D4C00F345DB /* ViewController.swift in Sources */ = {isa = PBXBuildFile; fileRef = 62B91B2325AC3D4C00F345DB /* ViewController.swift */; };
		62B91B2725AC3D4C00F345DB /* Main.storyboard in Resources */ = {isa = PBXBuildFile; fileRef = 62B91B2525AC3D4C00F345DB /* Main.storyboard */; };
		62B91B2A25AC3D4C00F345DB /* remote_controller.xcdatamodeld in Sources */ = {isa = PBXBuildFile; fileRef = 62B91B2825AC3D4C00F345DB /* remote_controller.xcdatamodeld */; };
		62B91B2C25AC3D4D00F345DB /* Assets.xcassets in Resources */ = {isa = PBXBuildFile; fileRef = 62B91B2B25AC3D4D00F345DB /* Assets.xcassets */; };
		62B91B2F25AC3D4D00F345DB /* LaunchScreen.storyboard in Resources */ = {isa = PBXBuildFile; fileRef = 62B91B2D25AC3D4D00F345DB /* LaunchScreen.storyboard */; };
		69B6DEBA307A8CFFAEE783CE /* Pods_remote_controller.framework in Frameworks */ = {isa = PBXBuildFile; fileRef = 3DAE672FEEDEB0A53E4C3481 /* Pods_remote_controller.framework */; };
/* End PBXBuildFile section */

/* Begin PBXFileReference section */
		3DAE672FEEDEB0A53E4C3481 /* Pods_remote_controller.framework */ = {isa = PBXFileReference; explicitFileType = wrapper.framework; includeInIndex = 0; path = Pods_remote_controller.framework; sourceTree = BUILT_PRODUCTS_DIR; };
		62B91B1C25AC3D4C00F345DB /* remote-controller.app */ = {isa = PBXFileReference; explicitFileType = wrapper.application; includeInIndex = 0; path = "remote-controller.app"; sourceTree = BUILT_PRODUCTS_DIR; };
		62B91B1F25AC3D4C00F345DB /* AppDelegate.swift */ = {isa = PBXFileReference; lastKnownFileType = sourcecode.swift; path = AppDelegate.swift; sourceTree = "<group>"; };
		62B91B2125AC3D4C00F345DB /* SceneDelegate.swift */ = {isa = PBXFileReference; lastKnownFileType = sourcecode.swift; path = SceneDelegate.swift; sourceTree = "<group>"; };
		62B91B2325AC3D4C00F345DB /* ViewController.swift */ = {isa = PBXFileReference; lastKnownFileType = sourcecode.swift; path = ViewController.swift; sourceTree = "<group>"; };
		62B91B2625AC3D4C00F345DB /* Base */ = {isa = PBXFileReference; lastKnownFileType = file.storyboard; name = Base; path = Base.lproj/Main.storyboard; sourceTree = "<group>"; };
		62B91B2925AC3D4C00F345DB /* remote_controller.xcdatamodel */ = {isa = PBXFileReference; lastKnownFileType = wrapper.xcdatamodel; path = remote_controller.xcdatamodel; sourceTree = "<group>"; };
		62B91B2B25AC3D4D00F345DB /* Assets.xcassets */ = {isa = PBXFileReference; lastKnownFileType = folder.assetcatalog; path = Assets.xcassets; sourceTree = "<group>"; };
		62B91B2E25AC3D4D00F345DB /* Base */ = {isa = PBXFileReference; lastKnownFileType = file.storyboard; name = Base; path = Base.lproj/LaunchScreen.storyboard; sourceTree = "<group>"; };
		62B91B3025AC3D4D00F345DB /* Info.plist */ = {isa = PBXFileReference; lastKnownFileType = text.plist.xml; path = Info.plist; sourceTree = "<group>"; };
		98EB30A939167F12173EFE29 /* Pods-remote-controller.debug.xcconfig */ = {isa = PBXFileReference; includeInIndex = 1; lastKnownFileType = text.xcconfig; name = "Pods-remote-controller.debug.xcconfig"; path = "Target Support Files/Pods-remote-controller/Pods-remote-controller.debug.xcconfig"; sourceTree = "<group>"; };
		FBDF0234A9C96552BBA77ACA /* Pods-remote-controller.release.xcconfig */ = {isa = PBXFileReference; includeInIndex = 1; lastKnownFileType = text.xcconfig; name = "Pods-remote-controller.release.xcconfig"; path = "Target Support Files/Pods-remote-controller/Pods-remote-controller.release.xcconfig"; sourceTree = "<group>"; };
/* End PBXFileReference section */

/* Begin PBXFrameworksBuildPhase section */
		62B91B1925AC3D4C00F345DB /* Frameworks */ = {
			isa = PBXFrameworksBuildPhase;
			buildActionMask = 2147483647;
			files = (
				69B6DEBA307A8CFFAEE783CE /* Pods_remote_controller.framework in Frameworks */,
			);
			runOnlyForDeploymentPostprocessing = 0;
		};
/* End PBXFrameworksBuildPhase section */

/* Begin PBXGroup section */
		38E05789F31EC05C54729DDC /* Frameworks */ = {
			isa = PBXGroup;
			children = (
				3DAE672FEEDEB0A53E4C3481 /* Pods_remote_controller.framework */,
			);
			name = Frameworks;
			sourceTree = "<group>";
		};
		62B91B1325AC3D4C00F345DB = {
			isa = PBXGroup;
			children = (
				62B91B1E25AC3D4C00F345DB /* remote-controller */,
				62B91B1D25AC3D4C00F345DB /* Products */,
				A2747AFF5F385D9161EAB1AB /* Pods */,
				38E05789F31EC05C54729DDC /* Frameworks */,
			);
			sourceTree = "<group>";
		};
		62B91B1D25AC3D4C00F345DB /* Products */ = {
			isa = PBXGroup;
			children = (
				62B91B1C25AC3D4C00F345DB /* remote-controller.app */,
			);
			name = Products;
			sourceTree = "<group>";
		};
		62B91B1E25AC3D4C00F345DB /* remote-controller */ = {
			isa = PBXGroup;
			children = (
				62B91B2D25AC3D4D00F345DB /* LaunchScreen.storyboard */,
				62B91B2325AC3D4C00F345DB /* ViewController.swift */,
				62B91B1F25AC3D4C00F345DB /* AppDelegate.swift */,
				62B91B2125AC3D4C00F345DB /* SceneDelegate.swift */,
				62B91B2525AC3D4C00F345DB /* Main.storyboard */,
				62B91B2B25AC3D4D00F345DB /* Assets.xcassets */,
				62B91B3025AC3D4D00F345DB /* Info.plist */,
				62B91B2825AC3D4C00F345DB /* remote_controller.xcdatamodeld */,
			);
			path = "remote-controller";
			sourceTree = "<group>";
		};
		A2747AFF5F385D9161EAB1AB /* Pods */ = {
			isa = PBXGroup;
			children = (
				98EB30A939167F12173EFE29 /* Pods-remote-controller.debug.xcconfig */,
				FBDF0234A9C96552BBA77ACA /* Pods-remote-controller.release.xcconfig */,
			);
			path = Pods;
			sourceTree = "<group>";
		};
/* End PBXGroup section */

/* Begin PBXNativeTarget section */
		62B91B1B25AC3D4C00F345DB /* remote-controller */ = {
			isa = PBXNativeTarget;
			buildConfigurationList = 62B91B3325AC3D4D00F345DB /* Build configuration list for PBXNativeTarget "remote-controller" */;
			buildPhases = (
				CE0F90FB87ECD885FFE238DB /* [CP] Check Pods Manifest.lock */,
				62B91B1825AC3D4C00F345DB /* Sources */,
				62B91B1925AC3D4C00F345DB /* Frameworks */,
				62B91B1A25AC3D4C00F345DB /* Resources */,
				6D4F86222020AEF2104298E0 /* [CP] Embed Pods Frameworks */,
			);
			buildRules = (
			);
			dependencies = (
			);
			name = "remote-controller";
			productName = "remote-controller";
			productReference = 62B91B1C25AC3D4C00F345DB /* remote-controller.app */;
			productType = "com.apple.product-type.application";
		};
/* End PBXNativeTarget section */

/* Begin PBXProject section */
		62B91B1425AC3D4C00F345DB /* Project object */ = {
			isa = PBXProject;
			attributes = {
				LastSwiftUpdateCheck = 1230;
				LastUpgradeCheck = 1230;
				TargetAttributes = {
					62B91B1B25AC3D4C00F345DB = {
						CreatedOnToolsVersion = 12.3;
					};
				};
			};
			buildConfigurationList = 62B91B1725AC3D4C00F345DB /* Build configuration list for PBXProject "remote-controller" */;
			compatibilityVersion = "Xcode 9.3";
			developmentRegion = en;
			hasScannedForEncodings = 0;
			knownRegions = (
				en,
				Base,
			);
			mainGroup = 62B91B1325AC3D4C00F345DB;
			productRefGroup = 62B91B1D25AC3D4C00F345DB /* Products */;
			projectDirPath = "";
			projectRoot = "";
			targets = (
				62B91B1B25AC3D4C00F345DB /* remote-controller */,
			);
		};
/* End PBXProject section */

/* Begin PBXResourcesBuildPhase section */
		62B91B1A25AC3D4C00F345DB /* Resources */ = {
			isa = PBXResourcesBuildPhase;
			buildActionMask = 2147483647;
			files = (
				62B91B2F25AC3D4D00F345DB /* LaunchScreen.storyboard in Resources */,
				62B91B2C25AC3D4D00F345DB /* Assets.xcassets in Resources */,
				62B91B2725AC3D4C00F345DB /* Main.storyboard in Resources */,
			);
			runOnlyForDeploymentPostprocessing = 0;
		};
/* End PBXResourcesBuildPhase section */

/* Begin PBXShellScriptBuildPhase section */
		6D4F86222020AEF2104298E0 /* [CP] Embed Pods Frameworks */ = {
			isa = PBXShellScriptBuildPhase;
			buildActionMask = 2147483647;
			files = (
			);
			inputFileListPaths = (
				"${PODS_ROOT}/Target Support Files/Pods-remote-controller/Pods-remote-controller-frameworks-${CONFIGURATION}-input-files.xcfilelist",
			);
			name = "[CP] Embed Pods Frameworks";
			outputFileListPaths = (
				"${PODS_ROOT}/Target Support Files/Pods-remote-controller/Pods-remote-controller-frameworks-${CONFIGURATION}-output-files.xcfilelist",
			);
			runOnlyForDeploymentPostprocessing = 0;
			shellPath = /bin/sh;
			shellScript = "\"${PODS_ROOT}/Target Support Files/Pods-remote-controller/Pods-remote-controller-frameworks.sh\"\n";
			showEnvVarsInLog = 0;
		};
		CE0F90FB87ECD885FFE238DB /* [CP] Check Pods Manifest.lock */ = {
			isa = PBXShellScriptBuildPhase;
			buildActionMask = 2147483647;
			files = (
			);
			inputFileListPaths = (
			);
			inputPaths = (
				"${PODS_PODFILE_DIR_PATH}/Podfile.lock",
				"${PODS_ROOT}/Manifest.lock",
			);
			name = "[CP] Check Pods Manifest.lock";
			outputFileListPaths = (
			);
			outputPaths = (
				"$(DERIVED_FILE_DIR)/Pods-remote-controller-checkManifestLockResult.txt",
			);
			runOnlyForDeploymentPostprocessing = 0;
			shellPath = /bin/sh;
			shellScript = "diff \"${PODS_PODFILE_DIR_PATH}/Podfile.lock\" \"${PODS_ROOT}/Manifest.lock\" > /dev/null\nif [ $? != 0 ] ; then\n    # print error to STDERR\n    echo \"error: The sandbox is not in sync with the Podfile.lock. Run 'pod install' or update your CocoaPods installation.\" >&2\n    exit 1\nfi\n# This output is used by Xcode 'outputs' to avoid re-running this script phase.\necho \"SUCCESS\" > \"${SCRIPT_OUTPUT_FILE_0}\"\n";
			showEnvVarsInLog = 0;
		};
/* End PBXShellScriptBuildPhase section */

/* Begin PBXSourcesBuildPhase section */
		62B91B1825AC3D4C00F345DB /* Sources */ = {
			isa = PBXSourcesBuildPhase;
			buildActionMask = 2147483647;
			files = (
				62B91B2425AC3D4C00F345DB /* ViewController.swift in Sources */,
				62B91B2A25AC3D4C00F345DB /* remote_controller.xcdatamodeld in Sources */,
				62B91B2025AC3D4C00F345DB /* AppDelegate.swift in Sources */,
				62B91B2225AC3D4C00F345DB /* SceneDelegate.swift in Sources */,
			);
			runOnlyForDeploymentPostprocessing = 0;
		};
/* End PBXSourcesBuildPhase section */

/* Begin PBXVariantGroup section */
		62B91B2525AC3D4C00F345DB /* Main.storyboard */ = {
			isa = PBXVariantGroup;
			children = (
				62B91B2625AC3D4C00F345DB /* Base */,
			);
			name = Main.storyboard;
			sourceTree = "<group>";
		};
		62B91B2D25AC3D4D00F345DB /* LaunchScreen.storyboard */ = {
			isa = PBXVariantGroup;
			children = (
				62B91B2E25AC3D4D00F345DB /* Base */,
			);
			name = LaunchScreen.storyboard;
			sourceTree = "<group>";
		};
/* End PBXVariantGroup section */

/* Begin XCBuildConfiguration section */
		62B91B3125AC3D4D00F345DB /* Debug */ = {
			isa = XCBuildConfiguration;
			buildSettings = {
				ALWAYS_SEARCH_USER_PATHS = NO;
				CLANG_ANALYZER_NONNULL = YES;
				CLANG_ANALYZER_NUMBER_OBJECT_CONVERSION = YES_AGGRESSIVE;
				CLANG_CXX_LANGUAGE_STANDARD = "gnu++14";
				CLANG_CXX_LIBRARY = "libc++";
				CLANG_ENABLE_MODULES = YES;
				CLANG_ENABLE_OBJC_ARC = YES;
				CLANG_ENABLE_OBJC_WEAK = YES;
				CLANG_WARN_BLOCK_CAPTURE_AUTORELEASING = YES;
				CLANG_WARN_BOOL_CONVERSION = YES;
				CLANG_WARN_COMMA = YES;
				CLANG_WARN_CONSTANT_CONVERSION = YES;
				CLANG_WARN_DEPRECATED_OBJC_IMPLEMENTATIONS = YES;
				CLANG_WARN_DIRECT_OBJC_ISA_USAGE = YES_ERROR;
				CLANG_WARN_DOCUMENTATION_COMMENTS = YES;
				CLANG_WARN_EMPTY_BODY = YES;
				CLANG_WARN_ENUM_CONVERSION = YES;
				CLANG_WARN_INFINITE_RECURSION = YES;
				CLANG_WARN_INT_CONVERSION = YES;
				CLANG_WARN_NON_LITERAL_NULL_CONVERSION = YES;
				CLANG_WARN_OBJC_IMPLICIT_RETAIN_SELF = YES;
				CLANG_WARN_OBJC_LITERAL_CONVERSION = YES;
				CLANG_WARN_OBJC_ROOT_CLASS = YES_ERROR;
				CLANG_WARN_QUOTED_INCLUDE_IN_FRAMEWORK_HEADER = YES;
				CLANG_WARN_RANGE_LOOP_ANALYSIS = YES;
				CLANG_WARN_STRICT_PROTOTYPES = YES;
				CLANG_WARN_SUSPICIOUS_MOVE = YES;
				CLANG_WARN_UNGUARDED_AVAILABILITY = YES_AGGRESSIVE;
				CLANG_WARN_UNREACHABLE_CODE = YES;
				CLANG_WARN__DUPLICATE_METHOD_MATCH = YES;
				COPY_PHASE_STRIP = NO;
				DEBUG_INFORMATION_FORMAT = dwarf;
				ENABLE_STRICT_OBJC_MSGSEND = YES;
				ENABLE_TESTABILITY = YES;
				GCC_C_LANGUAGE_STANDARD = gnu11;
				GCC_DYNAMIC_NO_PIC = NO;
				GCC_NO_COMMON_BLOCKS = YES;
				GCC_OPTIMIZATION_LEVEL = 0;
				GCC_PREPROCESSOR_DEFINITIONS = (
					"DEBUG=1",
					"$(inherited)",
				);
				GCC_WARN_64_TO_32_BIT_CONVERSION = YES;
				GCC_WARN_ABOUT_RETURN_TYPE = YES_ERROR;
				GCC_WARN_UNDECLARED_SELECTOR = YES;
				GCC_WARN_UNINITIALIZED_AUTOS = YES_AGGRESSIVE;
				GCC_WARN_UNUSED_FUNCTION = YES;
				GCC_WARN_UNUSED_VARIABLE = YES;
				IPHONEOS_DEPLOYMENT_TARGET = 14.3;
				MTL_ENABLE_DEBUG_INFO = INCLUDE_SOURCE;
				MTL_FAST_MATH = YES;
				ONLY_ACTIVE_ARCH = YES;
				SDKROOT = iphoneos;
				SWIFT_ACTIVE_COMPILATION_CONDITIONS = DEBUG;
				SWIFT_OPTIMIZATION_LEVEL = "-Onone";
			};
			name = Debug;
		};
		62B91B3225AC3D4D00F345DB /* Release */ = {
			isa = XCBuildConfiguration;
			buildSettings = {
				ALWAYS_SEARCH_USER_PATHS = NO;
				CLANG_ANALYZER_NONNULL = YES;
				CLANG_ANALYZER_NUMBER_OBJECT_CONVERSION = YES_AGGRESSIVE;
				CLANG_CXX_LANGUAGE_STANDARD = "gnu++14";
				CLANG_CXX_LIBRARY = "libc++";
				CLANG_ENABLE_MODULES = YES;
				CLANG_ENABLE_OBJC_ARC = YES;
				CLANG_ENABLE_OBJC_WEAK = YES;
				CLANG_WARN_BLOCK_CAPTURE_AUTORELEASING = YES;
				CLANG_WARN_BOOL_CONVERSION = YES;
				CLANG_WARN_COMMA = YES;
				CLANG_WARN_CONSTANT_CONVERSION = YES;
				CLANG_WARN_DEPRECATED_OBJC_IMPLEMENTATIONS = YES;
				CLANG_WARN_DIRECT_OBJC_ISA_USAGE = YES_ERROR;
				CLANG_WARN_DOCUMENTATION_COMMENTS = YES;
				CLANG_WARN_EMPTY_BODY = YES;
				CLANG_WARN_ENUM_CONVERSION = YES;
				CLANG_WARN_INFINITE_RECURSION = YES;
				CLANG_WARN_INT_CONVERSION = YES;
				CLANG_WARN_NON_LITERAL_NULL_CONVERSION = YES;
				CLANG_WARN_OBJC_IMPLICIT_RETAIN_SELF = YES;
				CLANG_WARN_OBJC_LITERAL_CONVERSION = YES;
				CLANG_WARN_OBJC_ROOT_CLASS = YES_ERROR;
				CLANG_WARN_QUOTED_INCLUDE_IN_FRAMEWORK_HEADER = YES;
				CLANG_WARN_RANGE_LOOP_ANALYSIS = YES;
				CLANG_WARN_STRICT_PROTOTYPES = YES;
				CLANG_WARN_SUSPICIOUS_MOVE = YES;
				CLANG_WARN_UNGUARDED_AVAILABILITY = YES_AGGRESSIVE;
				CLANG_WARN_UNREACHABLE_CODE = YES;
				CLANG_WARN__DUPLICATE_METHOD_MATCH = YES;
				COPY_PHASE_STRIP = NO;
				DEBUG_INFORMATION_FORMAT = "dwarf-with-dsym";
				ENABLE_NS_ASSERTIONS = NO;
				ENABLE_STRICT_OBJC_MSGSEND = YES;
				GCC_C_LANGUAGE_STANDARD = gnu11;
				GCC_NO_COMMON_BLOCKS = YES;
				GCC_WARN_64_TO_32_BIT_CONVERSION = YES;
				GCC_WARN_ABOUT_RETURN_TYPE = YES_ERROR;
				GCC_WARN_UNDECLARED_SELECTOR = YES;
				GCC_WARN_UNINITIALIZED_AUTOS = YES_AGGRESSIVE;
				GCC_WARN_UNUSED_FUNCTION = YES;
				GCC_WARN_UNUSED_VARIABLE = YES;
				IPHONEOS_DEPLOYMENT_TARGET = 14.3;
				MTL_ENABLE_DEBUG_INFO = NO;
				MTL_FAST_MATH = YES;
				SDKROOT = iphoneos;
				SWIFT_COMPILATION_MODE = wholemodule;
				SWIFT_OPTIMIZATION_LEVEL = "-O";
				VALIDATE_PRODUCT = YES;
			};
			name = Release;
		};
		62B91B3425AC3D4D00F345DB /* Debug */ = {
			isa = XCBuildConfiguration;
			baseConfigurationReference = 98EB30A939167F12173EFE29 /* Pods-remote-controller.debug.xcconfig */;
			buildSettings = {
				ASSETCATALOG_COMPILER_APPICON_NAME = AppIcon;
				ASSETCATALOG_COMPILER_GLOBAL_ACCENT_COLOR_NAME = AccentColor;
				CODE_SIGN_STYLE = Automatic;
				DEVELOPMENT_TEAM = CFS8WAKW2R;
				INFOPLIST_FILE = "remote-controller/Info.plist";
				LD_RUNPATH_SEARCH_PATHS = (
					"$(inherited)",
					"@executable_path/Frameworks",
				);
				PRODUCT_BUNDLE_IDENTIFIER = "autonomous-driving.remote-controller";
				PRODUCT_NAME = "$(TARGET_NAME)";
				SWIFT_VERSION = 5.0;
				TARGETED_DEVICE_FAMILY = "1,2";
			};
			name = Debug;
		};
		62B91B3525AC3D4D00F345DB /* Release */ = {
			isa = XCBuildConfiguration;
			baseConfigurationReference = FBDF0234A9C96552BBA77ACA /* Pods-remote-controller.release.xcconfig */;
			buildSettings = {
				ASSETCATALOG_COMPILER_APPICON_NAME = AppIcon;
				ASSETCATALOG_COMPILER_GLOBAL_ACCENT_COLOR_NAME = AccentColor;
				CODE_SIGN_STYLE = Automatic;
				DEVELOPMENT_TEAM = CFS8WAKW2R;
				INFOPLIST_FILE = "remote-controller/Info.plist";
				LD_RUNPATH_SEARCH_PATHS = (
					"$(inherited)",
					"@executable_path/Frameworks",
				);
				PRODUCT_BUNDLE_IDENTIFIER = "autonomous-driving.remote-controller";
				PRODUCT_NAME = "$(TARGET_NAME)";
				SWIFT_VERSION = 5.0;
				TARGETED_DEVICE_FAMILY = "1,2";
			};
			name = Release;
		};
/* End XCBuildConfiguration section */

/* Begin XCConfigurationList section */
		62B91B1725AC3D4C00F345DB /* Build configuration list for PBXProject "remote-controller" */ = {
			isa = XCConfigurationList;
			buildConfigurations = (
				62B91B3125AC3D4D00F345DB /* Debug */,
				62B91B3225AC3D4D00F345DB /* Release */,
			);
			defaultConfigurationIsVisible = 0;
			defaultConfigurationName = Release;
		};
		62B91B3325AC3D4D00F345DB /* Build configuration list for PBXNativeTarget "remote-controller" */ = {
			isa = XCConfigurationList;
			buildConfigurations = (
				62B91B3425AC3D4D00F345DB /* Debug */,
				62B91B3525AC3D4D00F345DB /* Release */,
			);
			defaultConfigurationIsVisible = 0;
			defaultConfigurationName = Release;
		};
/* End XCConfigurationList section */

/* Begin XCVersionGroup section */
		62B91B2825AC3D4C00F345DB /* remote_controller.xcdatamodeld */ = {
			isa = XCVersionGroup;
			children = (
				62B91B2925AC3D4C00F345DB /* remote_controller.xcdatamodel */,
			);
			currentVersion = 62B91B2925AC3D4C00F345DB /* remote_controller.xcdatamodel */;
			path = remote_controller.xcdatamodeld;
			sourceTree = "<group>";
			versionGroupType = wrapper.xcdatamodel;
		};
/* End XCVersionGroup section */
	};
	rootObject = 62B91B1425AC3D4C00F345DB /* Project object */;
}
